
Microsoft Visual Studio Solution File, Format Version 12.00
# Visual Studio Version 16
VisualStudioVersion = 16.0.31112.23
MinimumVisualStudioVersion = 10.0.40219.1
Project("{FAE04EC0-301F-11D3-BF4B-00C04F79EFBC}") = "MVCLoginExample", "MVCLoginExample\MVCLoginExample.csproj", "{E97030CA-6388-4A50-A2D0-0B5999143263}"
EndProject
Global
	GlobalSection(SolutionConfigurationPlatforms) = preSolution
		Debug|Any CPU = Debug|Any CPU
		Release|Any CPU = Release|Any CPU
	EndGlobalSection
	GlobalSection(ProjectConfigurationPlatforms) = postSolution
		{E97030CA-6388-4A50-A2D0-0B5999143263}.Debug|Any CPU.ActiveCfg = Debug|Any CPU
		{E97030CA-6388-4A50-A2D0-0B5999143263}.Debug|Any CPU.Build.0 = Debug|Any CPU
		{E97030CA-6388-4A50-A2D0-0B5999143263}.Release|Any CPU.ActiveCfg = Release|Any CPU
		{E97030CA-6388-4A50-A2D0-0B5999143263}.Release|Any CPU.Build.0 = Release|Any CPU
	EndGlobalSection
	GlobalSection(SolutionProperties) = preSolution
		HideSolutionNode = FALSE
	EndGlobalSection
	GlobalSection(ExtensibilityGlobals) = postSolution
		SolutionGuid = {801AF1E6-3094-44D9-B846-5FD4624C18BB}
	EndGlobalSection
EndGlobal
